
Microsoft Visual Studio Solution File, Format Version 12.00
# Visual Studio 14
VisualStudioVersion = 14.0.25123.0
MinimumVisualStudioVersion = 10.0.40219.1
Project("{FAE04EC0-301F-11D3-BF4B-00C04F79EFBC}") = "ilevus", "ilevus\ilevus.csproj", "{AE7CB436-6B41-482D-BDE0-9D61027A9676}"
EndProject
Project("{FAE04EC0-301F-11D3-BF4B-00C04F79EFBC}") = "ilevus.Tests", "ilevus.Tests\ilevus.Tests.csproj", "{6AFBA778-B23F-4795-9FDC-21FD94470127}"
EndProject
Project("{FAE04EC0-301F-11D3-BF4B-00C04F79EFBC}") = "ilevus.Resources", "ilevus.Resources\ilevus.Resources.csproj", "{A8E0E134-917E-4AA9-8488-3D9CCD987C83}"
EndProject
Project("{FAE04EC0-301F-11D3-BF4B-00C04F79EFBC}") = "Sample", "Sample\Sample.csproj", "{48AF673B-F0D8-4BF3-9417-3B46D2495275}"
EndProject
Project("{FAE04EC0-301F-11D3-BF4B-00C04F79EFBC}") = "SampleWebApi", "SampleWebApi\SampleWebApi.csproj", "{68E0D62B-D7A2-4F14-BD1E-E8BBE4957017}"
EndProject
Global
	GlobalSection(SolutionConfigurationPlatforms) = preSolution
		Debug|Any CPU = Debug|Any CPU
		Release|Any CPU = Release|Any CPU
	EndGlobalSection
	GlobalSection(ProjectConfigurationPlatforms) = postSolution
		{AE7CB436-6B41-482D-BDE0-9D61027A9676}.Debug|Any CPU.ActiveCfg = Debug|Any CPU
		{AE7CB436-6B41-482D-BDE0-9D61027A9676}.Debug|Any CPU.Build.0 = Debug|Any CPU
		{AE7CB436-6B41-482D-BDE0-9D61027A9676}.Release|Any CPU.ActiveCfg = Release|Any CPU
		{AE7CB436-6B41-482D-BDE0-9D61027A9676}.Release|Any CPU.Build.0 = Release|Any CPU
		{6AFBA778-B23F-4795-9FDC-21FD94470127}.Debug|Any CPU.ActiveCfg = Debug|Any CPU
		{6AFBA778-B23F-4795-9FDC-21FD94470127}.Debug|Any CPU.Build.0 = Debug|Any CPU
		{6AFBA778-B23F-4795-9FDC-21FD94470127}.Release|Any CPU.ActiveCfg = Release|Any CPU
		{6AFBA778-B23F-4795-9FDC-21FD94470127}.Release|Any CPU.Build.0 = Release|Any CPU
		{A8E0E134-917E-4AA9-8488-3D9CCD987C83}.Debug|Any CPU.ActiveCfg = Debug|Any CPU
		{A8E0E134-917E-4AA9-8488-3D9CCD987C83}.Debug|Any CPU.Build.0 = Debug|Any CPU
		{A8E0E134-917E-4AA9-8488-3D9CCD987C83}.Release|Any CPU.ActiveCfg = Release|Any CPU
		{A8E0E134-917E-4AA9-8488-3D9CCD987C83}.Release|Any CPU.Build.0 = Release|Any CPU
		{48AF673B-F0D8-4BF3-9417-3B46D2495275}.Debug|Any CPU.ActiveCfg = Debug|Any CPU
		{48AF673B-F0D8-4BF3-9417-3B46D2495275}.Debug|Any CPU.Build.0 = Debug|Any CPU
		{48AF673B-F0D8-4BF3-9417-3B46D2495275}.Release|Any CPU.ActiveCfg = Release|Any CPU
		{48AF673B-F0D8-4BF3-9417-3B46D2495275}.Release|Any CPU.Build.0 = Release|Any CPU
		{68E0D62B-D7A2-4F14-BD1E-E8BBE4957017}.Debug|Any CPU.ActiveCfg = Debug|Any CPU
		{68E0D62B-D7A2-4F14-BD1E-E8BBE4957017}.Debug|Any CPU.Build.0 = Debug|Any CPU
		{68E0D62B-D7A2-4F14-BD1E-E8BBE4957017}.Release|Any CPU.ActiveCfg = Release|Any CPU
		{68E0D62B-D7A2-4F14-BD1E-E8BBE4957017}.Release|Any CPU.Build.0 = Release|Any CPU
	EndGlobalSection
	GlobalSection(SolutionProperties) = preSolution
		HideSolutionNode = FALSE
	EndGlobalSection
EndGlobal
